
Microsoft Visual Studio Solution File, Format Version 12.00
# Visual Studio Version 17
VisualStudioVersion = 17.0.32014.148
MinimumVisualStudioVersion = 10.0.40219.1
Project("{FAE04EC0-301F-11D3-BF4B-00C04F79EFBC}") = "Task1", "Task1\Task1.csproj", "{CE297F1B-57F0-489E-888D-7BC8E17707B2}"
EndProject
Project("{FAE04EC0-301F-11D3-BF4B-00C04F79EFBC}") = "Task2", "Task2\Task2.csproj", "{7D0E9CD6-554D-4AFD-B761-AE987451522E}"
EndProject
Project("{FAE04EC0-301F-11D3-BF4B-00C04F79EFBC}") = "Task3", "Task3\Task3.csproj", "{9C97F0B7-42DC-48A9-B6E2-8F36EC96207B}"
EndProject
Global
	GlobalSection(SolutionConfigurationPlatforms) = preSolution
		Debug|Any CPU = Debug|Any CPU
		Release|Any CPU = Release|Any CPU
	EndGlobalSection
	GlobalSection(ProjectConfigurationPlatforms) = postSolution
		{CE297F1B-57F0-489E-888D-7BC8E17707B2}.Debug|Any CPU.ActiveCfg = Debug|Any CPU
		{CE297F1B-57F0-489E-888D-7BC8E17707B2}.Debug|Any CPU.Build.0 = Debug|Any CPU
		{CE297F1B-57F0-489E-888D-7BC8E17707B2}.Release|Any CPU.ActiveCfg = Release|Any CPU
		{CE297F1B-57F0-489E-888D-7BC8E17707B2}.Release|Any CPU.Build.0 = Release|Any CPU
		{7D0E9CD6-554D-4AFD-B761-AE987451522E}.Debug|Any CPU.ActiveCfg = Debug|Any CPU
		{7D0E9CD6-554D-4AFD-B761-AE987451522E}.Debug|Any CPU.Build.0 = Debug|Any CPU
		{7D0E9CD6-554D-4AFD-B761-AE987451522E}.Release|Any CPU.ActiveCfg = Release|Any CPU
		{7D0E9CD6-554D-4AFD-B761-AE987451522E}.Release|Any CPU.Build.0 = Release|Any CPU
		{9C97F0B7-42DC-48A9-B6E2-8F36EC96207B}.Debug|Any CPU.ActiveCfg = Debug|Any CPU
		{9C97F0B7-42DC-48A9-B6E2-8F36EC96207B}.Debug|Any CPU.Build.0 = Debug|Any CPU
		{9C97F0B7-42DC-48A9-B6E2-8F36EC96207B}.Release|Any CPU.ActiveCfg = Release|Any CPU
		{9C97F0B7-42DC-48A9-B6E2-8F36EC96207B}.Release|Any CPU.Build.0 = Release|Any CPU
	EndGlobalSection
	GlobalSection(SolutionProperties) = preSolution
		HideSolutionNode = FALSE
	EndGlobalSection
	GlobalSection(ExtensibilityGlobals) = postSolution
		SolutionGuid = {01DC6599-5B54-4427-9565-D549974A8F03}
	EndGlobalSection
EndGlobal
